
Microsoft Visual Studio Solution File, Format Version 12.00
# Visual Studio Version 17
VisualStudioVersion = 17.2.32516.85
MinimumVisualStudioVersion = 10.0.40219.1
Project("{FAE04EC0-301F-11D3-BF4B-00C04F79EFBC}") = "Validation App", "Validation App\Validation App.csproj", "{E961CC17-4B48-4492-9073-4AFBF33C5660}"
EndProject
Global
	GlobalSection(SolutionConfigurationPlatforms) = preSolution
		Debug|Any CPU = Debug|Any CPU
		Release|Any CPU = Release|Any CPU
	EndGlobalSection
	GlobalSection(ProjectConfigurationPlatforms) = postSolution
		{E961CC17-4B48-4492-9073-4AFBF33C5660}.Debug|Any CPU.ActiveCfg = Debug|Any CPU
		{E961CC17-4B48-4492-9073-4AFBF33C5660}.Debug|Any CPU.Build.0 = Debug|Any CPU
		{E961CC17-4B48-4492-9073-4AFBF33C5660}.Release|Any CPU.ActiveCfg = Release|Any CPU
		{E961CC17-4B48-4492-9073-4AFBF33C5660}.Release|Any CPU.Build.0 = Release|Any CPU
	EndGlobalSection
	GlobalSection(SolutionProperties) = preSolution
		HideSolutionNode = FALSE
	EndGlobalSection
	GlobalSection(ExtensibilityGlobals) = postSolution
		SolutionGuid = {0AC792C6-62E3-4566-9514-A01ECCF8BA42}
	EndGlobalSection
EndGlobal
